
Microsoft Visual Studio Solution File, Format Version 12.00
# Visual Studio Version 17
VisualStudioVersion = 17.8.34408.163
MinimumVisualStudioVersion = 10.0.40219.1
Project("{9A19103F-16F7-4668-BE54-9A1E7A4F7556}") = "PubMaui", "PubMaui\PubMaui.csproj", "{8F3FB9F4-A200-4EF3-B6F5-33AAE963CAFF}"
	ProjectSection(ProjectDependencies) = postProject
		{EDC295BC-6B35-4CF8-9A30-E6F6B7E62B8F} = {EDC295BC-6B35-4CF8-9A30-E6F6B7E62B8F}
	EndProjectSection
EndProject
Project("{9A19103F-16F7-4668-BE54-9A1E7A4F7556}") = "PubMaui.Api", "PubMaui.Api\PubMaui.Api.csproj", "{ECCC30EF-D2C4-45C3-88C0-714F69B5FF4C}"
EndProject
Project("{9A19103F-16F7-4668-BE54-9A1E7A4F7556}") = "PubMaui.Shared", "PubMaui.Shared\PubMaui.Shared.csproj", "{EDC295BC-6B35-4CF8-9A30-E6F6B7E62B8F}"
EndProject
Global
	GlobalSection(SolutionConfigurationPlatforms) = preSolution
		Debug|Any CPU = Debug|Any CPU
		Release|Any CPU = Release|Any CPU
	EndGlobalSection
	GlobalSection(ProjectConfigurationPlatforms) = postSolution
		{8F3FB9F4-A200-4EF3-B6F5-33AAE963CAFF}.Debug|Any CPU.ActiveCfg = Debug|Any CPU
		{8F3FB9F4-A200-4EF3-B6F5-33AAE963CAFF}.Debug|Any CPU.Build.0 = Debug|Any CPU
		{8F3FB9F4-A200-4EF3-B6F5-33AAE963CAFF}.Debug|Any CPU.Deploy.0 = Debug|Any CPU
		{8F3FB9F4-A200-4EF3-B6F5-33AAE963CAFF}.Release|Any CPU.ActiveCfg = Release|Any CPU
		{8F3FB9F4-A200-4EF3-B6F5-33AAE963CAFF}.Release|Any CPU.Build.0 = Release|Any CPU
		{8F3FB9F4-A200-4EF3-B6F5-33AAE963CAFF}.Release|Any CPU.Deploy.0 = Release|Any CPU
		{ECCC30EF-D2C4-45C3-88C0-714F69B5FF4C}.Debug|Any CPU.ActiveCfg = Debug|Any CPU
		{ECCC30EF-D2C4-45C3-88C0-714F69B5FF4C}.Debug|Any CPU.Build.0 = Debug|Any CPU
		{ECCC30EF-D2C4-45C3-88C0-714F69B5FF4C}.Release|Any CPU.ActiveCfg = Release|Any CPU
		{ECCC30EF-D2C4-45C3-88C0-714F69B5FF4C}.Release|Any CPU.Build.0 = Release|Any CPU
		{EDC295BC-6B35-4CF8-9A30-E6F6B7E62B8F}.Debug|Any CPU.ActiveCfg = Debug|Any CPU
		{EDC295BC-6B35-4CF8-9A30-E6F6B7E62B8F}.Debug|Any CPU.Build.0 = Debug|Any CPU
		{EDC295BC-6B35-4CF8-9A30-E6F6B7E62B8F}.Release|Any CPU.ActiveCfg = Release|Any CPU
		{EDC295BC-6B35-4CF8-9A30-E6F6B7E62B8F}.Release|Any CPU.Build.0 = Release|Any CPU
	EndGlobalSection
	GlobalSection(SolutionProperties) = preSolution
		HideSolutionNode = FALSE
	EndGlobalSection
	GlobalSection(ExtensibilityGlobals) = postSolution
		SolutionGuid = {84A4A605-8167-4CF5-895F-8D44A58C77F3}
	EndGlobalSection
EndGlobal
